
Microsoft Visual Studio Solution File, Format Version 12.00
# Visual Studio Version 16
VisualStudioVersion = 16.0.32126.315
MinimumVisualStudioVersion = 10.0.40219.1
Project("{8BC9CEB8-8B4A-11D0-8D11-00A0C91BC942}") = "23_6_2_tree", "23_6_2_tree.vcxproj", "{2EE28D22-8F09-42B5-893D-C7357FFEE112}"
EndProject
Global
	GlobalSection(SolutionConfigurationPlatforms) = preSolution
		Debug|x64 = Debug|x64
		Debug|x86 = Debug|x86
		Release|x64 = Release|x64
		Release|x86 = Release|x86
	EndGlobalSection
	GlobalSection(ProjectConfigurationPlatforms) = postSolution
		{2EE28D22-8F09-42B5-893D-C7357FFEE112}.Debug|x64.ActiveCfg = Debug|x64
		{2EE28D22-8F09-42B5-893D-C7357FFEE112}.Debug|x64.Build.0 = Debug|x64
		{2EE28D22-8F09-42B5-893D-C7357FFEE112}.Debug|x86.ActiveCfg = Debug|Win32
		{2EE28D22-8F09-42B5-893D-C7357FFEE112}.Debug|x86.Build.0 = Debug|Win32
		{2EE28D22-8F09-42B5-893D-C7357FFEE112}.Release|x64.ActiveCfg = Release|x64
		{2EE28D22-8F09-42B5-893D-C7357FFEE112}.Release|x64.Build.0 = Release|x64
		{2EE28D22-8F09-42B5-893D-C7357FFEE112}.Release|x86.ActiveCfg = Release|Win32
		{2EE28D22-8F09-42B5-893D-C7357FFEE112}.Release|x86.Build.0 = Release|Win32
	EndGlobalSection
	GlobalSection(SolutionProperties) = preSolution
		HideSolutionNode = FALSE
	EndGlobalSection
	GlobalSection(ExtensibilityGlobals) = postSolution
		SolutionGuid = {CC472D64-9EAC-4C18-A9E8-E63624FD20FD}
	EndGlobalSection
EndGlobal
